{
  "name": "ngeohash",
  "version": "1.0.0",
  "lockfileVersion": 2,
  "requires": true,
  "packages": {
    "": {
      "name": "ngeohash",
      "version": "1.0.0",
      "license": "ISC",
      "dependencies": {
        "ngeohash": "^0.6.3"
      }
    },
    "node_modules/ngeohash": {
      "version": "0.6.3",
      "resolved": "https://registry.npmjs.org/ngeohash/-/ngeohash-0.6.3.tgz",
      "integrity": "sha512-kltF0cOxgx1AbmVzKxYZaoB0aj7mOxZeHaerEtQV0YaqnkXNq26WWqMmJ6lTqShYxVRWZ/mwvvTrNeOwdslWiw==",
      "engines": {
        "node": ">=v0.2.0"
      }
    }
  },
  "dependencies": {
    "ngeohash": {
      "version": "0.6.3",
      "resolved": "https://registry.npmjs.org/ngeohash/-/ngeohash-0.6.3.tgz",
      "integrity": "sha512-kltF0cOxgx1AbmVzKxYZaoB0aj7mOxZeHaerEtQV0YaqnkXNq26WWqMmJ6lTqShYxVRWZ/mwvvTrNeOwdslWiw=="
    }
  }
}
